
Microsoft Visual Studio Solution File, Format Version 12.00
# Visual Studio Version 17
VisualStudioVersion = 17.0.31903.59
MinimumVisualStudioVersion = 10.0.40219.1
Project("{2150E333-8FDC-42A3-9474-1A3956D46DE8}") = "src", "src", "{BA737EB9-B48B-46F2-8133-86CC8454D4CC}"
EndProject
Project("{9A19103F-16F7-4668-BE54-9A1E7A4F7556}") = "Local.ReverseProxy", "src\Local.ReverseProxy\Local.ReverseProxy.csproj", "{9FEEC1F6-A56D-4DD6-887E-4782070D234A}"
EndProject
Project("{2150E333-8FDC-42A3-9474-1A3956D46DE8}") = "Solution Items", "Solution Items", "{3BC80EA3-6D12-44D4-9B54-D5F82A9691EB}"
	ProjectSection(SolutionItems) = preProject
		.dockerignore = .dockerignore
		.gitignore = .gitignore
		LICENSE = LICENSE
		README.md = README.md
	EndProjectSection
EndProject
Project("{FAE04EC0-301F-11D3-BF4B-00C04F79EFBC}") = "WebApp", "samples\WebApp\WebApp.csproj", "{5F70C7ED-922B-474F-BCF0-1080CAC43D80}"
EndProject
Project("{2150E333-8FDC-42A3-9474-1A3956D46DE8}") = "Samples", "Samples", "{7EA806B2-39CF-4C07-8F8E-CA456AB89B44}"
EndProject
Global
	GlobalSection(SolutionConfigurationPlatforms) = preSolution
		Debug|Any CPU = Debug|Any CPU
		Release|Any CPU = Release|Any CPU
	EndGlobalSection
	GlobalSection(ProjectConfigurationPlatforms) = postSolution
		{9FEEC1F6-A56D-4DD6-887E-4782070D234A}.Debug|Any CPU.ActiveCfg = Debug|Any CPU
		{9FEEC1F6-A56D-4DD6-887E-4782070D234A}.Debug|Any CPU.Build.0 = Debug|Any CPU
		{9FEEC1F6-A56D-4DD6-887E-4782070D234A}.Release|Any CPU.ActiveCfg = Release|Any CPU
		{9FEEC1F6-A56D-4DD6-887E-4782070D234A}.Release|Any CPU.Build.0 = Release|Any CPU
		{5F70C7ED-922B-474F-BCF0-1080CAC43D80}.Debug|Any CPU.ActiveCfg = Debug|Any CPU
		{5F70C7ED-922B-474F-BCF0-1080CAC43D80}.Debug|Any CPU.Build.0 = Debug|Any CPU
		{5F70C7ED-922B-474F-BCF0-1080CAC43D80}.Release|Any CPU.ActiveCfg = Release|Any CPU
		{5F70C7ED-922B-474F-BCF0-1080CAC43D80}.Release|Any CPU.Build.0 = Release|Any CPU
	EndGlobalSection
	GlobalSection(SolutionProperties) = preSolution
		HideSolutionNode = FALSE
	EndGlobalSection
	GlobalSection(NestedProjects) = preSolution
		{9FEEC1F6-A56D-4DD6-887E-4782070D234A} = {BA737EB9-B48B-46F2-8133-86CC8454D4CC}
		{5F70C7ED-922B-474F-BCF0-1080CAC43D80} = {7EA806B2-39CF-4C07-8F8E-CA456AB89B44}
	EndGlobalSection
	GlobalSection(ExtensibilityGlobals) = postSolution
		SolutionGuid = {52286567-2ED9-481C-82B9-254D1BB55D1B}
	EndGlobalSection
EndGlobal
